
Microsoft Visual Studio Solution File, Format Version 12.00
# Visual Studio 15
VisualStudioVersion = 15.0.27703.2000
MinimumVisualStudioVersion = 10.0.40219.1
Project("{8BC9CEB8-8B4A-11D0-8D11-00A0C91BC942}") = "RangeOfArmstrong", "RangeOfArmstrong\RangeOfArmstrong.vcxproj", "{E03A39E8-47FE-48B8-BCAD-4AA2395AECD2}"
EndProject
Global
	GlobalSection(SolutionConfigurationPlatforms) = preSolution
		Debug|x64 = Debug|x64
		Debug|x86 = Debug|x86
		Release|x64 = Release|x64
		Release|x86 = Release|x86
	EndGlobalSection
	GlobalSection(ProjectConfigurationPlatforms) = postSolution
		{E03A39E8-47FE-48B8-BCAD-4AA2395AECD2}.Debug|x64.ActiveCfg = Debug|x64
		{E03A39E8-47FE-48B8-BCAD-4AA2395AECD2}.Debug|x64.Build.0 = Debug|x64
		{E03A39E8-47FE-48B8-BCAD-4AA2395AECD2}.Debug|x86.ActiveCfg = Debug|Win32
		{E03A39E8-47FE-48B8-BCAD-4AA2395AECD2}.Debug|x86.Build.0 = Debug|Win32
		{E03A39E8-47FE-48B8-BCAD-4AA2395AECD2}.Release|x64.ActiveCfg = Release|x64
		{E03A39E8-47FE-48B8-BCAD-4AA2395AECD2}.Release|x64.Build.0 = Release|x64
		{E03A39E8-47FE-48B8-BCAD-4AA2395AECD2}.Release|x86.ActiveCfg = Release|Win32
		{E03A39E8-47FE-48B8-BCAD-4AA2395AECD2}.Release|x86.Build.0 = Release|Win32
	EndGlobalSection
	GlobalSection(SolutionProperties) = preSolution
		HideSolutionNode = FALSE
	EndGlobalSection
	GlobalSection(ExtensibilityGlobals) = postSolution
		SolutionGuid = {1E53C744-8F87-422C-BDD1-0DD2A57E1421}
	EndGlobalSection
EndGlobal
