
Microsoft Visual Studio Solution File, Format Version 12.00
# Visual Studio 15
VisualStudioVersion = 15.0.28010.2003
MinimumVisualStudioVersion = 10.0.40219.1
Project("{8BC9CEB8-8B4A-11D0-8D11-00A0C91BC942}") = "DynamicStack", "DynamicStack\DynamicStack.vcxproj", "{CD3B4948-025D-4EB7-B28A-E9CE102A3896}"
EndProject
Global
	GlobalSection(SolutionConfigurationPlatforms) = preSolution
		Debug|x64 = Debug|x64
		Debug|x86 = Debug|x86
		Release|x64 = Release|x64
		Release|x86 = Release|x86
	EndGlobalSection
	GlobalSection(ProjectConfigurationPlatforms) = postSolution
		{CD3B4948-025D-4EB7-B28A-E9CE102A3896}.Debug|x64.ActiveCfg = Debug|x64
		{CD3B4948-025D-4EB7-B28A-E9CE102A3896}.Debug|x64.Build.0 = Debug|x64
		{CD3B4948-025D-4EB7-B28A-E9CE102A3896}.Debug|x86.ActiveCfg = Debug|Win32
		{CD3B4948-025D-4EB7-B28A-E9CE102A3896}.Debug|x86.Build.0 = Debug|Win32
		{CD3B4948-025D-4EB7-B28A-E9CE102A3896}.Release|x64.ActiveCfg = Release|x64
		{CD3B4948-025D-4EB7-B28A-E9CE102A3896}.Release|x64.Build.0 = Release|x64
		{CD3B4948-025D-4EB7-B28A-E9CE102A3896}.Release|x86.ActiveCfg = Release|Win32
		{CD3B4948-025D-4EB7-B28A-E9CE102A3896}.Release|x86.Build.0 = Release|Win32
	EndGlobalSection
	GlobalSection(SolutionProperties) = preSolution
		HideSolutionNode = FALSE
	EndGlobalSection
	GlobalSection(ExtensibilityGlobals) = postSolution
		SolutionGuid = {25D2213E-DF74-4DAF-8120-E6A26F1FC576}
	EndGlobalSection
EndGlobal
